{
  "name": "printer-hack",
  "lockfileVersion": 2,
  "requires": true,
  "packages": {
    "": {
      "dependencies": {
        "pdf-to-printer": "^5.3.0"
      }
    },
    "node_modules/pdf-to-printer": {
      "version": "5.3.0",
      "resolved": "https://registry.npmjs.org/pdf-to-printer/-/pdf-to-printer-5.3.0.tgz",
      "integrity": "sha512-st1pTOfks+vr+QpGe04x2XAaEaeYfinlOCUL5H/breP7C4Dwx0Z74i9Hcjv9Yljbns5IXoUb2wY7em3EQoZOpw=="
    }
  },
  "dependencies": {
    "pdf-to-printer": {
      "version": "5.3.0",
      "resolved": "https://registry.npmjs.org/pdf-to-printer/-/pdf-to-printer-5.3.0.tgz",
      "integrity": "sha512-st1pTOfks+vr+QpGe04x2XAaEaeYfinlOCUL5H/breP7C4Dwx0Z74i9Hcjv9Yljbns5IXoUb2wY7em3EQoZOpw=="
    }
  }
}
